
Microsoft Visual Studio Solution File, Format Version 12.00
# Visual Studio 15
VisualStudioVersion = 15.0.26730.16
MinimumVisualStudioVersion = 10.0.40219.1
Project("{9A19103F-16F7-4668-BE54-9A1E7A4F7556}") = "Scheduler.ScheduleStealer", "ScheduleStealer\Scheduler.ScheduleStealer.csproj", "{C1121EAB-686E-4C2C-BF95-6DE732A70B06}"
EndProject
Project("{9A19103F-16F7-4668-BE54-9A1E7A4F7556}") = "Scheduler.ScheduleStealer.Tests", "ScheduleStealer.Tests\Scheduler.ScheduleStealer.Tests.csproj", "{FB9EC90D-606D-4320-8F3D-139752556E37}"
EndProject
Project("{FAE04EC0-301F-11D3-BF4B-00C04F79EFBC}") = "ScheduleRunner", "ScheduleRunner\ScheduleRunner.csproj", "{9984255F-D4B0-4B96-9FD1-A93F9C744843}"
EndProject
Global
	GlobalSection(SolutionConfigurationPlatforms) = preSolution
		Debug|Any CPU = Debug|Any CPU
		Release|Any CPU = Release|Any CPU
	EndGlobalSection
	GlobalSection(ProjectConfigurationPlatforms) = postSolution
		{C1121EAB-686E-4C2C-BF95-6DE732A70B06}.Debug|Any CPU.ActiveCfg = Debug|Any CPU
		{C1121EAB-686E-4C2C-BF95-6DE732A70B06}.Debug|Any CPU.Build.0 = Debug|Any CPU
		{C1121EAB-686E-4C2C-BF95-6DE732A70B06}.Release|Any CPU.ActiveCfg = Release|Any CPU
		{C1121EAB-686E-4C2C-BF95-6DE732A70B06}.Release|Any CPU.Build.0 = Release|Any CPU
		{FB9EC90D-606D-4320-8F3D-139752556E37}.Debug|Any CPU.ActiveCfg = Debug|Any CPU
		{FB9EC90D-606D-4320-8F3D-139752556E37}.Debug|Any CPU.Build.0 = Debug|Any CPU
		{FB9EC90D-606D-4320-8F3D-139752556E37}.Release|Any CPU.ActiveCfg = Release|Any CPU
		{FB9EC90D-606D-4320-8F3D-139752556E37}.Release|Any CPU.Build.0 = Release|Any CPU
		{9984255F-D4B0-4B96-9FD1-A93F9C744843}.Debug|Any CPU.ActiveCfg = Debug|Any CPU
		{9984255F-D4B0-4B96-9FD1-A93F9C744843}.Debug|Any CPU.Build.0 = Debug|Any CPU
		{9984255F-D4B0-4B96-9FD1-A93F9C744843}.Release|Any CPU.ActiveCfg = Release|Any CPU
		{9984255F-D4B0-4B96-9FD1-A93F9C744843}.Release|Any CPU.Build.0 = Release|Any CPU
	EndGlobalSection
	GlobalSection(SolutionProperties) = preSolution
		HideSolutionNode = FALSE
	EndGlobalSection
	GlobalSection(ExtensibilityGlobals) = postSolution
		SolutionGuid = {53230F77-2CB1-4360-B86B-FBFE10E9035C}
	EndGlobalSection
EndGlobal
